// !$*UTF8*$!
{
	archiveVersion = 1;
	classes = {
	};
	objectVersion = 77;
	objects = {

/* Begin PBXBuildFile section */
		D6FE29002FD4C1E100B143C7 /* README.md in Resources */ = {isa = PBXBuildFile; fileRef = D6FE28FF2FD4C1E100B143C7 /* README.md */; };
		D6FE29022FD4C28F00B143C7 /* Localizable.xcstrings in Resources */ = {isa = PBXBuildFile; fileRef = D6FE29012FD4C28F00B143C7 /* Localizable.xcstrings */; };
		D6FE293B2FD4CF4500B143C7 /* WidgetKit.framework in Frameworks */ = {isa = PBXBuildFile; fileRef = D6FE293A2FD4CF4500B143C7 /* WidgetKit.framework */; };
		D6FE293D2FD4CF4500B143C7 /* SwiftUI.framework in Frameworks */ = {isa = PBXBuildFile; fileRef = D6FE293C2FD4CF4500B143C7 /* SwiftUI.framework */; };
		D6FE294E2FD4CF4700B143C7 /* judarwidgetExtension.appex in Embed Foundation Extensions */ = {isa = PBXBuildFile; fileRef = D6FE29382FD4CF4500B143C7 /* judarwidgetExtension.appex */; settings = {ATTRIBUTES = (RemoveHeadersOnCopy, ); }; };
/* End PBXBuildFile section */

/* Begin PBXContainerItemProxy section */
		D6FE28E02FD47F3500B143C7 /* PBXContainerItemProxy */ = {
			isa = PBXContainerItemProxy;
			containerPortal = D6FE28C62FD47F3300B143C7 /* Project object */;
			proxyType = 1;
			remoteGlobalIDString = D6FE28CD2FD47F3300B143C7;
			remoteInfo = judar;
		};
		D6FE28EA2FD47F3500B143C7 /* PBXContainerItemProxy */ = {
			isa = PBXContainerItemProxy;
			containerPortal = D6FE28C62FD47F3300B143C7 /* Project object */;
			proxyType = 1;
			remoteGlobalIDString = D6FE28CD2FD47F3300B143C7;
			remoteInfo = judar;
		};
		D6FE294C2FD4CF4700B143C7 /* PBXContainerItemProxy */ = {
			isa = PBXContainerItemProxy;
			containerPortal = D6FE28C62FD47F3300B143C7 /* Project object */;
			proxyType = 1;
			remoteGlobalIDString = D6FE29372FD4CF4500B143C7;
			remoteInfo = judarwidgetExtension;
		};
/* End PBXContainerItemProxy section */

/* Begin PBXCopyFilesBuildPhase section */
		D6FE29532FD4CF4700B143C7 /* Embed Foundation Extensions */ = {
			isa = PBXCopyFilesBuildPhase;
			buildActionMask = 2147483647;
			dstPath = "";
			dstSubfolderSpec = 13;
			files = (
				D6FE294E2FD4CF4700B143C7 /* judarwidgetExtension.appex in Embed Foundation Extensions */,
			);
			name = "Embed Foundation Extensions";
			runOnlyForDeploymentPostprocessing = 0;
		};
/* End PBXCopyFilesBuildPhase section */

/* Begin PBXFileReference section */
		D6FE28CE2FD47F3300B143C7 /* judar.app */ = {isa = PBXFileReference; explicitFileType = wrapper.application; includeInIndex = 0; path = judar.app; sourceTree = BUILT_PRODUCTS_DIR; };
		D6FE28DF2FD47F3500B143C7 /* judarTests.xctest */ = {isa = PBXFileReference; explicitFileType = wrapper.cfbundle; includeInIndex = 0; path = judarTests.xctest; sourceTree = BUILT_PRODUCTS_DIR; };
		D6FE28E92FD47F3500B143C7 /* judarUITests.xctest */ = {isa = PBXFileReference; explicitFileType = wrapper.cfbundle; includeInIndex = 0; path = judarUITests.xctest; sourceTree = BUILT_PRODUCTS_DIR; };
		D6FE28FF2FD4C1E100B143C7 /* README.md */ = {isa = PBXFileReference; lastKnownFileType = net.daringfireball.markdown; path = README.md; sourceTree = "<group>"; };
		D6FE29012FD4C28F00B143C7 /* Localizable.xcstrings */ = {isa = PBXFileReference; lastKnownFileType = text.json.xcstrings; path = Localizable.xcstrings; sourceTree = "<group>"; };
		D6FE29382FD4CF4500B143C7 /* judarwidgetExtension.appex */ = {isa = PBXFileReference; explicitFileType = "wrapper.app-extension"; includeInIndex = 0; path = judarwidgetExtension.appex; sourceTree = BUILT_PRODUCTS_DIR; };
		D6FE293A2FD4CF4500B143C7 /* WidgetKit.framework */ = {isa = PBXFileReference; lastKnownFileType = wrapper.framework; name = WidgetKit.framework; path = System/Library/Frameworks/WidgetKit.framework; sourceTree = SDKROOT; };
		D6FE293C2FD4CF4500B143C7 /* SwiftUI.framework */ = {isa = PBXFileReference; lastKnownFileType = wrapper.framework; name = SwiftUI.framework; path = System/Library/Frameworks/SwiftUI.framework; sourceTree = SDKROOT; };
		D6FE29872FD6F33C00B143C7 /* judarwidgetExtension.entitlements */ = {isa = PBXFileReference; lastKnownFileType = text.plist.entitlements; path = judarwidgetExtension.entitlements; sourceTree = "<group>"; };
/* End PBXFileReference section */

/* Begin PBXFileSystemSynchronizedBuildFileExceptionSet section */
		D6FE28F12FD47F3500B143C7 /* Exceptions for "judar" folder in "judar" target */ = {
			isa = PBXFileSystemSynchronizedBuildFileExceptionSet;
			membershipExceptions = (
				Info.plist,
			);
			target = D6FE28CD2FD47F3300B143C7 /* judar */;
		};
		D6FE29522FD4CF4700B143C7 /* Exceptions for "judarwidget" folder in "judarwidgetExtension" target */ = {
			isa = PBXFileSystemSynchronizedBuildFileExceptionSet;
			membershipExceptions = (
				Info.plist,
			);
			target = D6FE29372FD4CF4500B143C7 /* judarwidgetExtension */;
		};
/* End PBXFileSystemSynchronizedBuildFileExceptionSet section */

/* Begin PBXFileSystemSynchronizedRootGroup section */
		D6FE28D02FD47F3300B143C7 /* judar */ = {
			isa = PBXFileSystemSynchronizedRootGroup;
			exceptions = (
				D6FE28F12FD47F3500B143C7 /* Exceptions for "judar" folder in "judar" target */,
			);
			path = judar;
			sourceTree = "<group>";
		};
		D6FE28E22FD47F3500B143C7 /* judarTests */ = {
			isa = PBXFileSystemSynchronizedRootGroup;
			path = judarTests;
			sourceTree = "<group>";
		};
		D6FE28EC2FD47F3500B143C7 /* judarUITests */ = {
			isa = PBXFileSystemSynchronizedRootGroup;
			path = judarUITests;
			sourceTree = "<group>";
		};
		D6FE293E2FD4CF4500B143C7 /* judarwidget */ = {
			isa = PBXFileSystemSynchronizedRootGroup;
			exceptions = (
				D6FE29522FD4CF4700B143C7 /* Exceptions for "judarwidget" folder in "judarwidgetExtension" target */,
			);
			path = judarwidget;
			sourceTree = "<group>";
		};
/* End PBXFileSystemSynchronizedRootGroup section */

/* Begin PBXFrameworksBuildPhase section */
		D6FE28CB2FD47F3300B143C7 /* Frameworks */ = {
			isa = PBXFrameworksBuildPhase;
			buildActionMask = 2147483647;
			files = (
			);
			runOnlyForDeploymentPostprocessing = 0;
		};
		D6FE28DC2FD47F3500B143C7 /* Frameworks */ = {
			isa = PBXFrameworksBuildPhase;
			buildActionMask = 2147483647;
			files = (
			);
			runOnlyForDeploymentPostprocessing = 0;
		};
		D6FE28E62FD47F3500B143C7 /* Frameworks */ = {
			isa = PBXFrameworksBuildPhase;
			buildActionMask = 2147483647;
			files = (
			);
			runOnlyForDeploymentPostprocessing = 0;
		};
		D6FE29352FD4CF4500B143C7 /* Frameworks */ = {
			isa = PBXFrameworksBuildPhase;
			buildActionMask = 2147483647;
			files = (
				D6FE293D2FD4CF4500B143C7 /* SwiftUI.framework in Frameworks */,
				D6FE293B2FD4CF4500B143C7 /* WidgetKit.framework in Frameworks */,
			);
			runOnlyForDeploymentPostprocessing = 0;
		};
/* End PBXFrameworksBuildPhase section */

/* Begin PBXGroup section */
		D6FE28C52FD47F3300B143C7 = {
			isa = PBXGroup;
			children = (
				D6FE29872FD6F33C00B143C7 /* judarwidgetExtension.entitlements */,
				D6FE29012FD4C28F00B143C7 /* Localizable.xcstrings */,
				D6FE28FF2FD4C1E100B143C7 /* README.md */,
				D6FE28D02FD47F3300B143C7 /* judar */,
				D6FE28E22FD47F3500B143C7 /* judarTests */,
				D6FE28EC2FD47F3500B143C7 /* judarUITests */,
				D6FE293E2FD4CF4500B143C7 /* judarwidget */,
				D6FE29392FD4CF4500B143C7 /* Frameworks */,
				D6FE28CF2FD47F3300B143C7 /* Products */,
			);
			sourceTree = "<group>";
		};
		D6FE28CF2FD47F3300B143C7 /* Products */ = {
			isa = PBXGroup;
			children = (
				D6FE28CE2FD47F3300B143C7 /* judar.app */,
				D6FE28DF2FD47F3500B143C7 /* judarTests.xctest */,
				D6FE28E92FD47F3500B143C7 /* judarUITests.xctest */,
				D6FE29382FD4CF4500B143C7 /* judarwidgetExtension.appex */,
			);
			name = Products;
			sourceTree = "<group>";
		};
		D6FE29392FD4CF4500B143C7 /* Frameworks */ = {
			isa = PBXGroup;
			children = (
				D6FE293A2FD4CF4500B143C7 /* WidgetKit.framework */,
				D6FE293C2FD4CF4500B143C7 /* SwiftUI.framework */,
			);
			name = Frameworks;
			sourceTree = "<group>";
		};
/* End PBXGroup section */

/* Begin PBXNativeTarget section */
		D6FE28CD2FD47F3300B143C7 /* judar */ = {
			isa = PBXNativeTarget;
			buildConfigurationList = D6FE28F22FD47F3500B143C7 /* Build configuration list for PBXNativeTarget "judar" */;
			buildPhases = (
				D6FE28CA2FD47F3300B143C7 /* Sources */,
				D6FE28CB2FD47F3300B143C7 /* Frameworks */,
				D6FE28CC2FD47F3300B143C7 /* Resources */,
				D6FE29532FD4CF4700B143C7 /* Embed Foundation Extensions */,
			);
			buildRules = (
			);
			dependencies = (
				D6FE294D2FD4CF4700B143C7 /* PBXTargetDependency */,
			);
			fileSystemSynchronizedGroups = (
				D6FE28D02FD47F3300B143C7 /* judar */,
			);
			name = judar;
			packageProductDependencies = (
			);
			productName = judar;
			productReference = D6FE28CE2FD47F3300B143C7 /* judar.app */;
			productType = "com.apple.product-type.application";
		};
		D6FE28DE2FD47F3500B143C7 /* judarTests */ = {
			isa = PBXNativeTarget;
			buildConfigurationList = D6FE28F72FD47F3500B143C7 /* Build configuration list for PBXNativeTarget "judarTests" */;
			buildPhases = (
				D6FE28DB2FD47F3500B143C7 /* Sources */,
				D6FE28DC2FD47F3500B143C7 /* Frameworks */,
				D6FE28DD2FD47F3500B143C7 /* Resources */,
			);
			buildRules = (
			);
			dependencies = (
				D6FE28E12FD47F3500B143C7 /* PBXTargetDependency */,
			);
			fileSystemSynchronizedGroups = (
				D6FE28E22FD47F3500B143C7 /* judarTests */,
			);
			name = judarTests;
			packageProductDependencies = (
			);
			productName = judarTests;
			productReference = D6FE28DF2FD47F3500B143C7 /* judarTests.xctest */;
			productType = "com.apple.product-type.bundle.unit-test";
		};
		D6FE28E82FD47F3500B143C7 /* judarUITests */ = {
			isa = PBXNativeTarget;
			buildConfigurationList = D6FE28FA2FD47F3500B143C7 /* Build configuration list for PBXNativeTarget "judarUITests" */;
			buildPhases = (
				D6FE28E52FD47F3500B143C7 /* Sources */,
				D6FE28E62FD47F3500B143C7 /* Frameworks */,
				D6FE28E72FD47F3500B143C7 /* Resources */,
			);
			buildRules = (
			);
			dependencies = (
				D6FE28EB2FD47F3500B143C7 /* PBXTargetDependency */,
			);
			fileSystemSynchronizedGroups = (
				D6FE28EC2FD47F3500B143C7 /* judarUITests */,
			);
			name = judarUITests;
			packageProductDependencies = (
			);
			productName = judarUITests;
			productReference = D6FE28E92FD47F3500B143C7 /* judarUITests.xctest */;
			productType = "com.apple.product-type.bundle.ui-testing";
		};
		D6FE29372FD4CF4500B143C7 /* judarwidgetExtension */ = {
			isa = PBXNativeTarget;
			buildConfigurationList = D6FE294F2FD4CF4700B143C7 /* Build configuration list for PBXNativeTarget "judarwidgetExtension" */;
			buildPhases = (
				D6FE29342FD4CF4500B143C7 /* Sources */,
				D6FE29352FD4CF4500B143C7 /* Frameworks */,
				D6FE29362FD4CF4500B143C7 /* Resources */,
			);
			buildRules = (
			);
			dependencies = (
			);
			fileSystemSynchronizedGroups = (
				D6FE293E2FD4CF4500B143C7 /* judarwidget */,
			);
			name = judarwidgetExtension;
			packageProductDependencies = (
			);
			productName = judarwidgetExtension;
			productReference = D6FE29382FD4CF4500B143C7 /* judarwidgetExtension.appex */;
			productType = "com.apple.product-type.app-extension";
		};
/* End PBXNativeTarget section */

/* Begin PBXProject section */
		D6FE28C62FD47F3300B143C7 /* Project object */ = {
			isa = PBXProject;
			attributes = {
				BuildIndependentTargetsInParallel = 1;
				LastSwiftUpdateCheck = 2650;
				LastUpgradeCheck = 2650;
				TargetAttributes = {
					D6FE28CD2FD47F3300B143C7 = {
						CreatedOnToolsVersion = 26.5;
					};
					D6FE28DE2FD47F3500B143C7 = {
						CreatedOnToolsVersion = 26.5;
						TestTargetID = D6FE28CD2FD47F3300B143C7;
					};
					D6FE28E82FD47F3500B143C7 = {
						CreatedOnToolsVersion = 26.5;
						TestTargetID = D6FE28CD2FD47F3300B143C7;
					};
					D6FE29372FD4CF4500B143C7 = {
						CreatedOnToolsVersion = 26.5;
					};
				};
			};
			buildConfigurationList = D6FE28C92FD47F3300B143C7 /* Build configuration list for PBXProject "judar" */;
			developmentRegion = ja;
			hasScannedForEncodings = 0;
			knownRegions = (
				en,
				Base,
				ja,
			);
			mainGroup = D6FE28C52FD47F3300B143C7;
			minimizedProjectReferenceProxies = 1;
			preferredProjectObjectVersion = 77;
			productRefGroup = D6FE28CF2FD47F3300B143C7 /* Products */;
			projectDirPath = "";
			projectRoot = "";
			targets = (
				D6FE28CD2FD47F3300B143C7 /* judar */,
				D6FE28DE2FD47F3500B143C7 /* judarTests */,
				D6FE28E82FD47F3500B143C7 /* judarUITests */,
				D6FE29372FD4CF4500B143C7 /* judarwidgetExtension */,
			);
		};
/* End PBXProject section */

/* Begin PBXResourcesBuildPhase section */
		D6FE28CC2FD47F3300B143C7 /* Resources */ = {
			isa = PBXResourcesBuildPhase;
			buildActionMask = 2147483647;
			files = (
				D6FE29002FD4C1E100B143C7 /* README.md in Resources */,
				D6FE29022FD4C28F00B143C7 /* Localizable.xcstrings in Resources */,
			);
			runOnlyForDeploymentPostprocessing = 0;
		};
		D6FE28DD2FD47F3500B143C7 /* Resources */ = {
			isa = PBXResourcesBuildPhase;
			buildActionMask = 2147483647;
			files = (
			);
			runOnlyForDeploymentPostprocessing = 0;
		};
		D6FE28E72FD47F3500B143C7 /* Resources */ = {
			isa = PBXResourcesBuildPhase;
			buildActionMask = 2147483647;
			files = (
			);
			runOnlyForDeploymentPostprocessing = 0;
		};
		D6FE29362FD4CF4500B143C7 /* Resources */ = {
			isa = PBXResourcesBuildPhase;
			buildActionMask = 2147483647;
			files = (
			);
			runOnlyForDeploymentPostprocessing = 0;
		};
/* End PBXResourcesBuildPhase section */

/* Begin PBXSourcesBuildPhase section */
		D6FE28CA2FD47F3300B143C7 /* Sources */ = {
			isa = PBXSourcesBuildPhase;
			buildActionMask = 2147483647;
			files = (
			);
			runOnlyForDeploymentPostprocessing = 0;
		};
		D6FE28DB2FD47F3500B143C7 /* Sources */ = {
			isa = PBXSourcesBuildPhase;
			buildActionMask = 2147483647;
			files = (
			);
			runOnlyForDeploymentPostprocessing = 0;
		};
		D6FE28E52FD47F3500B143C7 /* Sources */ = {
			isa = PBXSourcesBuildPhase;
			buildActionMask = 2147483647;
			files = (
			);
			runOnlyForDeploymentPostprocessing = 0;
		};
		D6FE29342FD4CF4500B143C7 /* Sources */ = {
			isa = PBXSourcesBuildPhase;
			buildActionMask = 2147483647;
			files = (
			);
			runOnlyForDeploymentPostprocessing = 0;
		};
/* End PBXSourcesBuildPhase section */

/* Begin PBXTargetDependency section */
		D6FE28E12FD47F3500B143C7 /* PBXTargetDependency */ = {
			isa = PBXTargetDependency;
			target = D6FE28CD2FD47F3300B143C7 /* judar */;
			targetProxy = D6FE28E02FD47F3500B143C7 /* PBXContainerItemProxy */;
		};
		D6FE28EB2FD47F3500B143C7 /* PBXTargetDependency */ = {
			isa = PBXTargetDependency;
			target = D6FE28CD2FD47F3300B143C7 /* judar */;
			targetProxy = D6FE28EA2FD47F3500B143C7 /* PBXContainerItemProxy */;
		};
		D6FE294D2FD4CF4700B143C7 /* PBXTargetDependency */ = {
			isa = PBXTargetDependency;
			target = D6FE29372FD4CF4500B143C7 /* judarwidgetExtension */;
			targetProxy = D6FE294C2FD4CF4700B143C7 /* PBXContainerItemProxy */;
		};
/* End PBXTargetDependency section */

/* Begin XCBuildConfiguration section */
		D6FE28F32FD47F3500B143C7 /* Debug */ = {
			isa = XCBuildConfiguration;
			buildSettings = {
				ASSETCATALOG_COMPILER_APPICON_NAME = AppIcon;
				ASSETCATALOG_COMPILER_GLOBAL_ACCENT_COLOR_NAME = AccentColor;
				CODE_SIGN_ENTITLEMENTS = judar/judar.entitlements;
				CODE_SIGN_STYLE = Automatic;
				CURRENT_PROJECT_VERSION = 7;
				DEVELOPMENT_TEAM = X87K7X9M4X;
				ENABLE_PREVIEWS = YES;
				GENERATE_INFOPLIST_FILE = YES;
				INFOPLIST_FILE = judar/Info.plist;
				INFOPLIST_KEY_CFBundleDisplayName = "R メモ";
				INFOPLIST_KEY_LSApplicationCategoryType = "public.app-category.medical";
				INFOPLIST_KEY_UIApplicationSceneManifest_Generation = YES;
				INFOPLIST_KEY_UIApplicationSupportsIndirectInputEvents = YES;
				INFOPLIST_KEY_UILaunchScreen_Generation = YES;
				INFOPLIST_KEY_UISupportedInterfaceOrientations_iPad = "UIInterfaceOrientationPortrait UIInterfaceOrientationPortraitUpsideDown UIInterfaceOrientationLandscapeLeft UIInterfaceOrientationLandscapeRight";
				INFOPLIST_KEY_UISupportedInterfaceOrientations_iPhone = "UIInterfaceOrientationPortrait UIInterfaceOrientationLandscapeLeft UIInterfaceOrientationLandscapeRight";
				LD_RUNPATH_SEARCH_PATHS = (
					"$(inherited)",
					"@executable_path/Frameworks",
				);
				MARKETING_VERSION = 1.4.1;
				PRODUCT_BUNDLE_IDENTIFIER = productions.jocarium.judar;
				PRODUCT_NAME = "$(TARGET_NAME)";
				STRING_CATALOG_GENERATE_SYMBOLS = YES;
				SUPPORTED_PLATFORMS = "iphoneos iphonesimulator";
				SUPPORTS_MACCATALYST = NO;
				SUPPORTS_MAC_DESIGNED_FOR_IPHONE_IPAD = NO;
				SUPPORTS_XR_DESIGNED_FOR_IPHONE_IPAD = NO;
				SWIFT_APPROACHABLE_CONCURRENCY = YES;
				SWIFT_DEFAULT_ACTOR_ISOLATION = MainActor;
				SWIFT_EMIT_LOC_STRINGS = YES;
				SWIFT_UPCOMING_FEATURE_MEMBER_IMPORT_VISIBILITY = YES;
				SWIFT_VERSION = 5.0;
				TARGETED_DEVICE_FAMILY = "1,2";
			};
			name = Debug;
		};
		D6FE28F42FD47F3500B143C7 /* Release */ = {
			isa = XCBuildConfiguration;
			buildSettings = {
				ASSETCATALOG_COMPILER_APPICON_NAME = AppIcon;
				ASSETCATALOG_COMPILER_GLOBAL_ACCENT_COLOR_NAME = AccentColor;
				CODE_SIGN_ENTITLEMENTS = judar/judar.entitlements;
				CODE_SIGN_STYLE = Automatic;
				CURRENT_PROJECT_VERSION = 7;
				DEVELOPMENT_TEAM = X87K7X9M4X;
				ENABLE_PREVIEWS = YES;
				GENERATE_INFOPLIST_FILE = YES;
				INFOPLIST_FILE = judar/Info.plist;
				INFOPLIST_KEY_CFBundleDisplayName = "R メモ";
				INFOPLIST_KEY_LSApplicationCategoryType = "public.app-category.medical";
				INFOPLIST_KEY_UIApplicationSceneManifest_Generation = YES;
				INFOPLIST_KEY_UIApplicationSupportsIndirectInputEvents = YES;
				INFOPLIST_KEY_UILaunchScreen_Generation = YES;
				INFOPLIST_KEY_UISupportedInterfaceOrientations_iPad = "UIInterfaceOrientationPortrait UIInterfaceOrientationPortraitUpsideDown UIInterfaceOrientationLandscapeLeft UIInterfaceOrientationLandscapeRight";
				INFOPLIST_KEY_UISupportedInterfaceOrientations_iPhone = "UIInterfaceOrientationPortrait UIInterfaceOrientationLandscapeLeft UIInterfaceOrientationLandscapeRight";
				LD_RUNPATH_SEARCH_PATHS = (
					"$(inherited)",
					"@executable_path/Frameworks",
				);
				MARKETING_VERSION = 1.4.1;
				PRODUCT_BUNDLE_IDENTIFIER = productions.jocarium.judar;
				PRODUCT_NAME = "$(TARGET_NAME)";
				STRING_CATALOG_GENERATE_SYMBOLS = YES;
				SUPPORTED_PLATFORMS = "iphoneos iphonesimulator";
				SUPPORTS_MACCATALYST = NO;
				SUPPORTS_MAC_DESIGNED_FOR_IPHONE_IPAD = NO;
				SUPPORTS_XR_DESIGNED_FOR_IPHONE_IPAD = NO;
				SWIFT_APPROACHABLE_CONCURRENCY = YES;
				SWIFT_DEFAULT_ACTOR_ISOLATION = MainActor;
				SWIFT_EMIT_LOC_STRINGS = YES;
				SWIFT_UPCOMING_FEATURE_MEMBER_IMPORT_VISIBILITY = YES;
				SWIFT_VERSION = 5.0;
				TARGETED_DEVICE_FAMILY = "1,2";
			};
			name = Release;
		};
		D6FE28F52FD47F3500B143C7 /* Debug */ = {
			isa = XCBuildConfiguration;
			buildSettings = {
				ALWAYS_SEARCH_USER_PATHS = NO;
				ASSETCATALOG_COMPILER_GENERATE_SWIFT_ASSET_SYMBOL_EXTENSIONS = YES;
				CLANG_ANALYZER_NONNULL = YES;
				CLANG_ANALYZER_NUMBER_OBJECT_CONVERSION = YES_AGGRESSIVE;
				CLANG_CXX_LANGUAGE_STANDARD = "gnu++20";
				CLANG_ENABLE_MODULES = YES;
				CLANG_ENABLE_OBJC_ARC = YES;
				CLANG_ENABLE_OBJC_WEAK = YES;
				CLANG_WARN_BLOCK_CAPTURE_AUTORELEASING = YES;
				CLANG_WARN_BOOL_CONVERSION = YES;
				CLANG_WARN_COMMA = YES;
				CLANG_WARN_CONSTANT_CONVERSION = YES;
				CLANG_WARN_DEPRECATED_OBJC_IMPLEMENTATIONS = YES;
				CLANG_WARN_DIRECT_OBJC_ISA_USAGE = YES_ERROR;
				CLANG_WARN_DOCUMENTATION_COMMENTS = YES;
				CLANG_WARN_EMPTY_BODY = YES;
				CLANG_WARN_ENUM_CONVERSION = YES;
				CLANG_WARN_INFINITE_RECURSION = YES;
				CLANG_WARN_INT_CONVERSION = YES;
				CLANG_WARN_NON_LITERAL_NULL_CONVERSION = YES;
				CLANG_WARN_OBJC_IMPLICIT_RETAIN_SELF = YES;
				CLANG_WARN_OBJC_LITERAL_CONVERSION = YES;
				CLANG_WARN_OBJC_ROOT_CLASS = YES_ERROR;
				CLANG_WARN_QUOTED_INCLUDE_IN_FRAMEWORK_HEADER = YES;
				CLANG_WARN_RANGE_LOOP_ANALYSIS = YES;
				CLANG_WARN_STRICT_PROTOTYPES = YES;
				CLANG_WARN_SUSPICIOUS_MOVE = YES;
				CLANG_WARN_UNGUARDED_AVAILABILITY = YES_AGGRESSIVE;
				CLANG_WARN_UNREACHABLE_CODE = YES;
				CLANG_WARN__DUPLICATE_METHOD_MATCH = YES;
				COPY_PHASE_STRIP = NO;
				DEBUG_INFORMATION_FORMAT = dwarf;
				DEVELOPMENT_TEAM = X87K7X9M4X;
				ENABLE_STRICT_OBJC_MSGSEND = YES;
				ENABLE_TESTABILITY = YES;
				ENABLE_USER_SCRIPT_SANDBOXING = YES;
				GCC_C_LANGUAGE_STANDARD = gnu17;
				GCC_DYNAMIC_NO_PIC = NO;
				GCC_NO_COMMON_BLOCKS = YES;
				GCC_OPTIMIZATION_LEVEL = 0;
				GCC_PREPROCESSOR_DEFINITIONS = (
					"DEBUG=1",
					"$(inherited)",
				);
				GCC_WARN_64_TO_32_BIT_CONVERSION = YES;
				GCC_WARN_ABOUT_RETURN_TYPE = YES_ERROR;
				GCC_WARN_UNDECLARED_SELECTOR = YES;
				GCC_WARN_UNINITIALIZED_AUTOS = YES_AGGRESSIVE;
				GCC_WARN_UNUSED_FUNCTION = YES;
				GCC_WARN_UNUSED_VARIABLE = YES;
				IPHONEOS_DEPLOYMENT_TARGET = 26.5;
				LOCALIZATION_PREFERS_STRING_CATALOGS = YES;
				MTL_ENABLE_DEBUG_INFO = INCLUDE_SOURCE;
				MTL_FAST_MATH = YES;
				ONLY_ACTIVE_ARCH = YES;
				SDKROOT = iphoneos;
				SWIFT_ACTIVE_COMPILATION_CONDITIONS = "DEBUG $(inherited)";
				SWIFT_EMIT_LOC_STRINGS = YES;
				SWIFT_OPTIMIZATION_LEVEL = "-Onone";
			};
			name = Debug;
		};
		D6FE28F62FD47F3500B143C7 /* Release */ = {
			isa = XCBuildConfiguration;
			buildSettings = {
				ALWAYS_SEARCH_USER_PATHS = NO;
				ASSETCATALOG_COMPILER_GENERATE_SWIFT_ASSET_SYMBOL_EXTENSIONS = YES;
				CLANG_ANALYZER_NONNULL = YES;
				CLANG_ANALYZER_NUMBER_OBJECT_CONVERSION = YES_AGGRESSIVE;
				CLANG_CXX_LANGUAGE_STANDARD = "gnu++20";
				CLANG_ENABLE_MODULES = YES;
				CLANG_ENABLE_OBJC_ARC = YES;
				CLANG_ENABLE_OBJC_WEAK = YES;
				CLANG_WARN_BLOCK_CAPTURE_AUTORELEASING = YES;
				CLANG_WARN_BOOL_CONVERSION = YES;
				CLANG_WARN_COMMA = YES;
				CLANG_WARN_CONSTANT_CONVERSION = YES;
				CLANG_WARN_DEPRECATED_OBJC_IMPLEMENTATIONS = YES;
				CLANG_WARN_DIRECT_OBJC_ISA_USAGE = YES_ERROR;
				CLANG_WARN_DOCUMENTATION_COMMENTS = YES;
				CLANG_WARN_EMPTY_BODY = YES;
				CLANG_WARN_ENUM_CONVERSION = YES;
				CLANG_WARN_INFINITE_RECURSION = YES;
				CLANG_WARN_INT_CONVERSION = YES;
				CLANG_WARN_NON_LITERAL_NULL_CONVERSION = YES;
				CLANG_WARN_OBJC_IMPLICIT_RETAIN_SELF = YES;
				CLANG_WARN_OBJC_LITERAL_CONVERSION = YES;
				CLANG_WARN_OBJC_ROOT_CLASS = YES_ERROR;
				CLANG_WARN_QUOTED_INCLUDE_IN_FRAMEWORK_HEADER = YES;
				CLANG_WARN_RANGE_LOOP_ANALYSIS = YES;
				CLANG_WARN_STRICT_PROTOTYPES = YES;
				CLANG_WARN_SUSPICIOUS_MOVE = YES;
				CLANG_WARN_UNGUARDED_AVAILABILITY = YES_AGGRESSIVE;
				CLANG_WARN_UNREACHABLE_CODE = YES;
				CLANG_WARN__DUPLICATE_METHOD_MATCH = YES;
				COPY_PHASE_STRIP = NO;
				DEBUG_INFORMATION_FORMAT = "dwarf-with-dsym";
				DEVELOPMENT_TEAM = X87K7X9M4X;
				ENABLE_NS_ASSERTIONS = NO;
				ENABLE_STRICT_OBJC_MSGSEND = YES;
				ENABLE_USER_SCRIPT_SANDBOXING = YES;
				GCC_C_LANGUAGE_STANDARD = gnu17;
				GCC_NO_COMMON_BLOCKS = YES;
				GCC_WARN_64_TO_32_BIT_CONVERSION = YES;
				GCC_WARN_ABOUT_RETURN_TYPE = YES_ERROR;
				GCC_WARN_UNDECLARED_SELECTOR = YES;
				GCC_WARN_UNINITIALIZED_AUTOS = YES_AGGRESSIVE;
				GCC_WARN_UNUSED_FUNCTION = YES;
				GCC_WARN_UNUSED_VARIABLE = YES;
				IPHONEOS_DEPLOYMENT_TARGET = 26.5;
				LOCALIZATION_PREFERS_STRING_CATALOGS = YES;
				MTL_ENABLE_DEBUG_INFO = NO;
				MTL_FAST_MATH = YES;
				SDKROOT = iphoneos;
				SWIFT_COMPILATION_MODE = wholemodule;
				SWIFT_EMIT_LOC_STRINGS = YES;
				VALIDATE_PRODUCT = YES;
			};
			name = Release;
		};
		D6FE28F82FD47F3500B143C7 /* Debug */ = {
			isa = XCBuildConfiguration;
			buildSettings = {
				BUNDLE_LOADER = "$(TEST_HOST)";
				CODE_SIGN_STYLE = Automatic;
				CURRENT_PROJECT_VERSION = 1;
				DEVELOPMENT_TEAM = X87K7X9M4X;
				GENERATE_INFOPLIST_FILE = YES;
				IPHONEOS_DEPLOYMENT_TARGET = 26.5;
				MARKETING_VERSION = 1.0;
				PRODUCT_BUNDLE_IDENTIFIER = productions.jocarium.judarTests;
				PRODUCT_NAME = "$(TARGET_NAME)";
				STRING_CATALOG_GENERATE_SYMBOLS = NO;
				SWIFT_APPROACHABLE_CONCURRENCY = YES;
				SWIFT_EMIT_LOC_STRINGS = NO;
				SWIFT_UPCOMING_FEATURE_MEMBER_IMPORT_VISIBILITY = YES;
				SWIFT_VERSION = 5.0;
				TARGETED_DEVICE_FAMILY = "1,2";
				TEST_HOST = "$(BUILT_PRODUCTS_DIR)/judar.app/$(BUNDLE_EXECUTABLE_FOLDER_PATH)/judar";
			};
			name = Debug;
		};
		D6FE28F92FD47F3500B143C7 /* Release */ = {
			isa = XCBuildConfiguration;
			buildSettings = {
				BUNDLE_LOADER = "$(TEST_HOST)";
				CODE_SIGN_STYLE = Automatic;
				CURRENT_PROJECT_VERSION = 1;
				DEVELOPMENT_TEAM = X87K7X9M4X;
				GENERATE_INFOPLIST_FILE = YES;
				IPHONEOS_DEPLOYMENT_TARGET = 26.5;
				MARKETING_VERSION = 1.0;
				PRODUCT_BUNDLE_IDENTIFIER = productions.jocarium.judarTests;
				PRODUCT_NAME = "$(TARGET_NAME)";
				STRING_CATALOG_GENERATE_SYMBOLS = NO;
				SWIFT_APPROACHABLE_CONCURRENCY = YES;
				SWIFT_EMIT_LOC_STRINGS = NO;
				SWIFT_UPCOMING_FEATURE_MEMBER_IMPORT_VISIBILITY = YES;
				SWIFT_VERSION = 5.0;
				TARGETED_DEVICE_FAMILY = "1,2";
				TEST_HOST = "$(BUILT_PRODUCTS_DIR)/judar.app/$(BUNDLE_EXECUTABLE_FOLDER_PATH)/judar";
			};
			name = Release;
		};
		D6FE28FB2FD47F3500B143C7 /* Debug */ = {
			isa = XCBuildConfiguration;
			buildSettings = {
				CODE_SIGN_STYLE = Automatic;
				CURRENT_PROJECT_VERSION = 1;
				DEVELOPMENT_TEAM = X87K7X9M4X;
				GENERATE_INFOPLIST_FILE = YES;
				MARKETING_VERSION = 1.0;
				PRODUCT_BUNDLE_IDENTIFIER = productions.jocarium.judarUITests;
				PRODUCT_NAME = "$(TARGET_NAME)";
				STRING_CATALOG_GENERATE_SYMBOLS = NO;
				SWIFT_APPROACHABLE_CONCURRENCY = YES;
				SWIFT_EMIT_LOC_STRINGS = NO;
				SWIFT_UPCOMING_FEATURE_MEMBER_IMPORT_VISIBILITY = YES;
				SWIFT_VERSION = 5.0;
				TARGETED_DEVICE_FAMILY = "1,2";
				TEST_TARGET_NAME = judar;
			};
			name = Debug;
		};
		D6FE28FC2FD47F3500B143C7 /* Release */ = {
			isa = XCBuildConfiguration;
			buildSettings = {
				CODE_SIGN_STYLE = Automatic;
				CURRENT_PROJECT_VERSION = 1;
				DEVELOPMENT_TEAM = X87K7X9M4X;
				GENERATE_INFOPLIST_FILE = YES;
				MARKETING_VERSION = 1.0;
				PRODUCT_BUNDLE_IDENTIFIER = productions.jocarium.judarUITests;
				PRODUCT_NAME = "$(TARGET_NAME)";
				STRING_CATALOG_GENERATE_SYMBOLS = NO;
				SWIFT_APPROACHABLE_CONCURRENCY = YES;
				SWIFT_EMIT_LOC_STRINGS = NO;
				SWIFT_UPCOMING_FEATURE_MEMBER_IMPORT_VISIBILITY = YES;
				SWIFT_VERSION = 5.0;
				TARGETED_DEVICE_FAMILY = "1,2";
				TEST_TARGET_NAME = judar;
			};
			name = Release;
		};
		D6FE29502FD4CF4700B143C7 /* Debug */ = {
			isa = XCBuildConfiguration;
			buildSettings = {
				ASSETCATALOG_COMPILER_GLOBAL_ACCENT_COLOR_NAME = AccentColor;
				ASSETCATALOG_COMPILER_WIDGET_BACKGROUND_COLOR_NAME = WidgetBackground;
				CODE_SIGN_ENTITLEMENTS = judarwidget/judarWidget.entitlements;
				CODE_SIGN_STYLE = Automatic;
				CURRENT_PROJECT_VERSION = 7;
				DEVELOPMENT_TEAM = X87K7X9M4X;
				GENERATE_INFOPLIST_FILE = YES;
				INFOPLIST_FILE = judarwidget/Info.plist;
				INFOPLIST_KEY_CFBundleDisplayName = "R メモ";
				INFOPLIST_KEY_NSHumanReadableCopyright = "";
				LD_RUNPATH_SEARCH_PATHS = (
					"$(inherited)",
					"@executable_path/Frameworks",
					"@executable_path/../../Frameworks",
				);
				MARKETING_VERSION = 1.4.1;
				PRODUCT_BUNDLE_IDENTIFIER = productions.jocarium.judar.judarwidget;
				PRODUCT_NAME = "$(TARGET_NAME)";
				SKIP_INSTALL = YES;
				STRING_CATALOG_GENERATE_SYMBOLS = YES;
				SUPPORTED_PLATFORMS = "iphoneos iphonesimulator";
				SUPPORTS_MACCATALYST = NO;
				SUPPORTS_MAC_DESIGNED_FOR_IPHONE_IPAD = NO;
				SUPPORTS_XR_DESIGNED_FOR_IPHONE_IPAD = NO;
				SWIFT_APPROACHABLE_CONCURRENCY = YES;
				SWIFT_EMIT_LOC_STRINGS = YES;
				SWIFT_UPCOMING_FEATURE_MEMBER_IMPORT_VISIBILITY = YES;
				SWIFT_VERSION = 5.0;
				TARGETED_DEVICE_FAMILY = "1,2";
			};
			name = Debug;
		};
		D6FE29512FD4CF4700B143C7 /* Release */ = {
			isa = XCBuildConfiguration;
			buildSettings = {
				ASSETCATALOG_COMPILER_GLOBAL_ACCENT_COLOR_NAME = AccentColor;
				ASSETCATALOG_COMPILER_WIDGET_BACKGROUND_COLOR_NAME = WidgetBackground;
				CODE_SIGN_ENTITLEMENTS = judarwidget/judarWidget.entitlements;
				CODE_SIGN_STYLE = Automatic;
				CURRENT_PROJECT_VERSION = 7;
				DEVELOPMENT_TEAM = X87K7X9M4X;
				GENERATE_INFOPLIST_FILE = YES;
				INFOPLIST_FILE = judarwidget/Info.plist;
				INFOPLIST_KEY_CFBundleDisplayName = "R メモ";
				INFOPLIST_KEY_NSHumanReadableCopyright = "";
				LD_RUNPATH_SEARCH_PATHS = (
					"$(inherited)",
					"@executable_path/Frameworks",
					"@executable_path/../../Frameworks",
				);
				MARKETING_VERSION = 1.4.1;
				PRODUCT_BUNDLE_IDENTIFIER = productions.jocarium.judar.judarwidget;
				PRODUCT_NAME = "$(TARGET_NAME)";
				SKIP_INSTALL = YES;
				STRING_CATALOG_GENERATE_SYMBOLS = YES;
				SUPPORTED_PLATFORMS = "iphoneos iphonesimulator";
				SUPPORTS_MACCATALYST = NO;
				SUPPORTS_MAC_DESIGNED_FOR_IPHONE_IPAD = NO;
				SUPPORTS_XR_DESIGNED_FOR_IPHONE_IPAD = NO;
				SWIFT_APPROACHABLE_CONCURRENCY = YES;
				SWIFT_EMIT_LOC_STRINGS = YES;
				SWIFT_UPCOMING_FEATURE_MEMBER_IMPORT_VISIBILITY = YES;
				SWIFT_VERSION = 5.0;
				TARGETED_DEVICE_FAMILY = "1,2";
			};
			name = Release;
		};
/* End XCBuildConfiguration section */

/* Begin XCConfigurationList section */
		D6FE28C92FD47F3300B143C7 /* Build configuration list for PBXProject "judar" */ = {
			isa = XCConfigurationList;
			buildConfigurations = (
				D6FE28F52FD47F3500B143C7 /* Debug */,
				D6FE28F62FD47F3500B143C7 /* Release */,
			);
			defaultConfigurationIsVisible = 0;
			defaultConfigurationName = Release;
		};
		D6FE28F22FD47F3500B143C7 /* Build configuration list for PBXNativeTarget "judar" */ = {
			isa = XCConfigurationList;
			buildConfigurations = (
				D6FE28F32FD47F3500B143C7 /* Debug */,
				D6FE28F42FD47F3500B143C7 /* Release */,
			);
			defaultConfigurationIsVisible = 0;
			defaultConfigurationName = Release;
		};
		D6FE28F72FD47F3500B143C7 /* Build configuration list for PBXNativeTarget "judarTests" */ = {
			isa = XCConfigurationList;
			buildConfigurations = (
				D6FE28F82FD47F3500B143C7 /* Debug */,
				D6FE28F92FD47F3500B143C7 /* Release */,
			);
			defaultConfigurationIsVisible = 0;
			defaultConfigurationName = Release;
		};
		D6FE28FA2FD47F3500B143C7 /* Build configuration list for PBXNativeTarget "judarUITests" */ = {
			isa = XCConfigurationList;
			buildConfigurations = (
				D6FE28FB2FD47F3500B143C7 /* Debug */,
				D6FE28FC2FD47F3500B143C7 /* Release */,
			);
			defaultConfigurationIsVisible = 0;
			defaultConfigurationName = Release;
		};
		D6FE294F2FD4CF4700B143C7 /* Build configuration list for PBXNativeTarget "judarwidgetExtension" */ = {
			isa = XCConfigurationList;
			buildConfigurations = (
				D6FE29502FD4CF4700B143C7 /* Debug */,
				D6FE29512FD4CF4700B143C7 /* Release */,
			);
			defaultConfigurationIsVisible = 0;
			defaultConfigurationName = Release;
		};
/* End XCConfigurationList section */
	};
	rootObject = D6FE28C62FD47F3300B143C7 /* Project object */;
}
